NeoBundleLock lightline.vim e6a43f98fab1ee2e373bd0b670803222607ed123
NeoBundleLock puppet-syntax-vim f36cf6936bf8667d6b86f84e1b81673e80e1f704
NeoBundleLock unite.vim bb2654fdcf79383216b1707c021351a05b630985
NeoBundleLock vim-fugitive 099d65826e0e0863552a92f7e574e3f24c8f4197
NeoBundleLock vim-indent-guides 705c5fdf0d79d6efa5b07997fb92b0d2f767e09a
NeoBundleLock vim-terraform 2d9343c7165acbb6225017a9da8baf63bbd27a26
NeoBundleLock vim-unite-giti 2fbafb85baf89be252bcd1cf0aed8cf2226af2a9
NeoBundleLock vimfiler 3d8005116768ec97d300309be3cb339580e7e14b
